
Microsoft Visual Studio Solution File, Format Version 12.00
# Visual Studio Version 17
VisualStudioVersion = 17.14.36310.24 d17.14
MinimumVisualStudioVersion = 10.0.40219.1
Project("{2150E333-8FDC-42A3-9474-1A3956D46DE8}") = "src", "src", "{02EA681E-C7D8-13C7-8484-4AC65E1B71E8}"
EndProject
Project("{FAE04EC0-301F-11D3-BF4B-00C04F79EFBC}") = "Domain", "Domain\Domain.csproj", "{2FCAC717-4CFD-433F-84B4-3D71D5A0301A}"
EndProject
Project("{FAE04EC0-301F-11D3-BF4B-00C04F79EFBC}") = "Application", "Application\Application.csproj", "{546C5655-201C-4657-8C29-030BE7DB57E5}"
EndProject
Project("{FAE04EC0-301F-11D3-BF4B-00C04F79EFBC}") = "Infrastructure", "Infrastructure\Infrastructure.csproj", "{22C6D3D5-F22B-4579-9AB7-4CF01B3879EE}"
EndProject
Project("{FAE04EC0-301F-11D3-BF4B-00C04F79EFBC}") = "WebApi", "WebApi\WebApi.csproj", "{784E2DF9-FC0A-484A-A913-F092606BB017}"
EndProject
Project("{FAE04EC0-301F-11D3-BF4B-00C04F79EFBC}") = "Common", "Common\Common.csproj", "{CFE2D795-E89B-497F-9BEB-7AD8FD6642F2}"
EndProject
Global
	GlobalSection(SolutionConfigurationPlatforms) = preSolution
		Debug|Any CPU = Debug|Any CPU
		Release|Any CPU = Release|Any CPU
	EndGlobalSection
	GlobalSection(ProjectConfigurationPlatforms) = postSolution
		{2FCAC717-4CFD-433F-84B4-3D71D5A0301A}.Debug|Any CPU.ActiveCfg = Debug|Any CPU
		{2FCAC717-4CFD-433F-84B4-3D71D5A0301A}.Debug|Any CPU.Build.0 = Debug|Any CPU
		{2FCAC717-4CFD-433F-84B4-3D71D5A0301A}.Release|Any CPU.ActiveCfg = Release|Any CPU
		{2FCAC717-4CFD-433F-84B4-3D71D5A0301A}.Release|Any CPU.Build.0 = Release|Any CPU
		{546C5655-201C-4657-8C29-030BE7DB57E5}.Debug|Any CPU.ActiveCfg = Debug|Any CPU
		{546C5655-201C-4657-8C29-030BE7DB57E5}.Debug|Any CPU.Build.0 = Debug|Any CPU
		{546C5655-201C-4657-8C29-030BE7DB57E5}.Release|Any CPU.ActiveCfg = Release|Any CPU
		{546C5655-201C-4657-8C29-030BE7DB57E5}.Release|Any CPU.Build.0 = Release|Any CPU
		{22C6D3D5-F22B-4579-9AB7-4CF01B3879EE}.Debug|Any CPU.ActiveCfg = Debug|Any CPU
		{22C6D3D5-F22B-4579-9AB7-4CF01B3879EE}.Debug|Any CPU.Build.0 = Debug|Any CPU
		{22C6D3D5-F22B-4579-9AB7-4CF01B3879EE}.Release|Any CPU.ActiveCfg = Release|Any CPU
		{22C6D3D5-F22B-4579-9AB7-4CF01B3879EE}.Release|Any CPU.Build.0 = Release|Any CPU
		{784E2DF9-FC0A-484A-A913-F092606BB017}.Debug|Any CPU.ActiveCfg = Debug|Any CPU
		{784E2DF9-FC0A-484A-A913-F092606BB017}.Debug|Any CPU.Build.0 = Debug|Any CPU
		{784E2DF9-FC0A-484A-A913-F092606BB017}.Release|Any CPU.ActiveCfg = Release|Any CPU
		{784E2DF9-FC0A-484A-A913-F092606BB017}.Release|Any CPU.Build.0 = Release|Any CPU
		{CFE2D795-E89B-497F-9BEB-7AD8FD6642F2}.Debug|Any CPU.ActiveCfg = Debug|Any CPU
		{CFE2D795-E89B-497F-9BEB-7AD8FD6642F2}.Debug|Any CPU.Build.0 = Debug|Any CPU
		{CFE2D795-E89B-497F-9BEB-7AD8FD6642F2}.Release|Any CPU.ActiveCfg = Release|Any CPU
		{CFE2D795-E89B-497F-9BEB-7AD8FD6642F2}.Release|Any CPU.Build.0 = Release|Any CPU
	EndGlobalSection
	GlobalSection(SolutionProperties) = preSolution
		HideSolutionNode = FALSE
	EndGlobalSection
	GlobalSection(NestedProjects) = preSolution
		{2FCAC717-4CFD-433F-84B4-3D71D5A0301A} = {02EA681E-C7D8-13C7-8484-4AC65E1B71E8}
		{546C5655-201C-4657-8C29-030BE7DB57E5} = {02EA681E-C7D8-13C7-8484-4AC65E1B71E8}
		{22C6D3D5-F22B-4579-9AB7-4CF01B3879EE} = {02EA681E-C7D8-13C7-8484-4AC65E1B71E8}
		{784E2DF9-FC0A-484A-A913-F092606BB017} = {02EA681E-C7D8-13C7-8484-4AC65E1B71E8}
		{CFE2D795-E89B-497F-9BEB-7AD8FD6642F2} = {02EA681E-C7D8-13C7-8484-4AC65E1B71E8}
	EndGlobalSection
	GlobalSection(ExtensibilityGlobals) = postSolution
		SolutionGuid = {122F77A1-BC7E-4141-976D-E2FCA712BCD6}
	EndGlobalSection
EndGlobal
